// !$*UTF8*$!
{
	archiveVersion = 1;
	classes = {
	};
	objectVersion = 50;
	objects = {

/* Begin PBXBuildFile section */
		77063E0525D1082D00F2989E /* 10000.swift in Sources */ = {isa = PBXBuildFile; fileRef = 77063E0425D1082D00F2989E /* 10000.swift */; };
		770BFE3925CAC36900D98990 /* main.swift in Sources */ = {isa = PBXBuildFile; fileRef = 770BFE3825CAC36900D98990 /* main.swift */; };
		770BFE4125CAC37C00D98990 /* 1.swift in Sources */ = {isa = PBXBuildFile; fileRef = 770BFE4025CAC37C00D98990 /* 1.swift */; };
		770BFE4425CAC4F500D98990 /* 2.swift in Sources */ = {isa = PBXBuildFile; fileRef = 770BFE4325CAC4F500D98990 /* 2.swift */; };
		770BFE4725CAC63E00D98990 /* 3.swift in Sources */ = {isa = PBXBuildFile; fileRef = 770BFE4625CAC63E00D98990 /* 3.swift */; };
		770BFE4A25CACC3500D98990 /* 4.swift in Sources */ = {isa = PBXBuildFile; fileRef = 770BFE4925CACC3500D98990 /* 4.swift */; };
		779E157325CD5BFA00AB1320 /* 5.swift in Sources */ = {isa = PBXBuildFile; fileRef = 779E157225CD5BFA00AB1320 /* 5.swift */; };
/* End PBXBuildFile section */

/* Begin PBXCopyFilesBuildPhase section */
		770BFE3325CAC36900D98990 /* CopyFiles */ = {
			isa = PBXCopyFilesBuildPhase;
			buildActionMask = 2147483647;
			dstPath = /usr/share/man/man1/;
			dstSubfolderSpec = 0;
			files = (
			);
			runOnlyForDeploymentPostprocessing = 1;
		};
/* End PBXCopyFilesBuildPhase section */

/* Begin PBXFileReference section */
		77063E0425D1082D00F2989E /* 10000.swift */ = {isa = PBXFileReference; lastKnownFileType = sourcecode.swift; path = 10000.swift; sourceTree = "<group>"; };
		770BFE3525CAC36900D98990 /* LibreOJ */ = {isa = PBXFileReference; explicitFileType = "compiled.mach-o.executable"; includeInIndex = 0; path = LibreOJ; sourceTree = BUILT_PRODUCTS_DIR; };
		770BFE3825CAC36900D98990 /* main.swift */ = {isa = PBXFileReference; lastKnownFileType = sourcecode.swift; path = main.swift; sourceTree = "<group>"; };
		770BFE4025CAC37C00D98990 /* 1.swift */ = {isa = PBXFileReference; lastKnownFileType = sourcecode.swift; path = 1.swift; sourceTree = "<group>"; };
		770BFE4325CAC4F500D98990 /* 2.swift */ = {isa = PBXFileReference; lastKnownFileType = sourcecode.swift; path = 2.swift; sourceTree = "<group>"; };
		770BFE4625CAC63E00D98990 /* 3.swift */ = {isa = PBXFileReference; lastKnownFileType = sourcecode.swift; path = 3.swift; sourceTree = "<group>"; };
		770BFE4925CACC3500D98990 /* 4.swift */ = {isa = PBXFileReference; lastKnownFileType = sourcecode.swift; path = 4.swift; sourceTree = "<group>"; };
		779E157225CD5BFA00AB1320 /* 5.swift */ = {isa = PBXFileReference; lastKnownFileType = sourcecode.swift; path = 5.swift; sourceTree = "<group>"; };
/* End PBXFileReference section */

/* Begin PBXFrameworksBuildPhase section */
		770BFE3225CAC36900D98990 /* Frameworks */ = {
			isa = PBXFrameworksBuildPhase;
			buildActionMask = 2147483647;
			files = (
			);
			runOnlyForDeploymentPostprocessing = 0;
		};
/* End PBXFrameworksBuildPhase section */

/* Begin PBXGroup section */
		770BFE2C25CAC36900D98990 = {
			isa = PBXGroup;
			children = (
				770BFE3725CAC36900D98990 /* LibreOJ */,
				770BFE3625CAC36900D98990 /* Products */,
			);
			sourceTree = "<group>";
		};
		770BFE3625CAC36900D98990 /* Products */ = {
			isa = PBXGroup;
			children = (
				770BFE3525CAC36900D98990 /* LibreOJ */,
			);
			name = Products;
			sourceTree = "<group>";
		};
		770BFE3725CAC36900D98990 /* LibreOJ */ = {
			isa = PBXGroup;
			children = (
				770BFE3825CAC36900D98990 /* main.swift */,
				770BFE4025CAC37C00D98990 /* 1.swift */,
				770BFE4325CAC4F500D98990 /* 2.swift */,
				770BFE4625CAC63E00D98990 /* 3.swift */,
				770BFE4925CACC3500D98990 /* 4.swift */,
				779E157225CD5BFA00AB1320 /* 5.swift */,
				77063E0425D1082D00F2989E /* 10000.swift */,
			);
			path = LibreOJ;
			sourceTree = "<group>";
		};
/* End PBXGroup section */

/* Begin PBXNativeTarget section */
		770BFE3425CAC36900D98990 /* LibreOJ */ = {
			isa = PBXNativeTarget;
			buildConfigurationList = 770BFE3C25CAC36900D98990 /* Build configuration list for PBXNativeTarget "LibreOJ" */;
			buildPhases = (
				770BFE3125CAC36900D98990 /* Sources */,
				770BFE3225CAC36900D98990 /* Frameworks */,
				770BFE3325CAC36900D98990 /* CopyFiles */,
			);
			buildRules = (
			);
			dependencies = (
			);
			name = LibreOJ;
			productName = LibreOJ;
			productReference = 770BFE3525CAC36900D98990 /* LibreOJ */;
			productType = "com.apple.product-type.tool";
		};
/* End PBXNativeTarget section */

/* Begin PBXProject section */
		770BFE2D25CAC36900D98990 /* Project object */ = {
			isa = PBXProject;
			attributes = {
				LastSwiftUpdateCheck = 1220;
				LastUpgradeCheck = 1220;
				TargetAttributes = {
					770BFE3425CAC36900D98990 = {
						CreatedOnToolsVersion = 12.2;
					};
				};
			};
			buildConfigurationList = 770BFE3025CAC36900D98990 /* Build configuration list for PBXProject "LibreOJ" */;
			compatibilityVersion = "Xcode 9.3";
			developmentRegion = en;
			hasScannedForEncodings = 0;
			knownRegions = (
				en,
				Base,
			);
			mainGroup = 770BFE2C25CAC36900D98990;
			productRefGroup = 770BFE3625CAC36900D98990 /* Products */;
			projectDirPath = "";
			projectRoot = "";
			targets = (
				770BFE3425CAC36900D98990 /* LibreOJ */,
			);
		};
/* End PBXProject section */

/* Begin PBXSourcesBuildPhase section */
		770BFE3125CAC36900D98990 /* Sources */ = {
			isa = PBXSourcesBuildPhase;
			buildActionMask = 2147483647;
			files = (
				770BFE4425CAC4F500D98990 /* 2.swift in Sources */,
				770BFE4725CAC63E00D98990 /* 3.swift in Sources */,
				770BFE3925CAC36900D98990 /* main.swift in Sources */,
				779E157325CD5BFA00AB1320 /* 5.swift in Sources */,
				77063E0525D1082D00F2989E /* 10000.swift in Sources */,
				770BFE4A25CACC3500D98990 /* 4.swift in Sources */,
				770BFE4125CAC37C00D98990 /* 1.swift in Sources */,
			);
			runOnlyForDeploymentPostprocessing = 0;
		};
/* End PBXSourcesBuildPhase section */

/* Begin XCBuildConfiguration section */
		770BFE3A25CAC36900D98990 /* Debug */ = {
			isa = XCBuildConfiguration;
			buildSettings = {
				ALWAYS_SEARCH_USER_PATHS = NO;
				CLANG_ANALYZER_NONNULL = YES;
				CLANG_ANALYZER_NUMBER_OBJECT_CONVERSION = YES_AGGRESSIVE;
				CLANG_CXX_LANGUAGE_STANDARD = "gnu++14";
				CLANG_CXX_LIBRARY = "libc++";
				CLANG_ENABLE_MODULES = YES;
				CLANG_ENABLE_OBJC_ARC = YES;
				CLANG_ENABLE_OBJC_WEAK = YES;
				CLANG_WARN_BLOCK_CAPTURE_AUTORELEASING = YES;
				CLANG_WARN_BOOL_CONVERSION = YES;
				CLANG_WARN_COMMA = YES;
				CLANG_WARN_CONSTANT_CONVERSION = YES;
				CLANG_WARN_DEPRECATED_OBJC_IMPLEMENTATIONS = YES;
				CLANG_WARN_DIRECT_OBJC_ISA_USAGE = YES_ERROR;
				CLANG_WARN_DOCUMENTATION_COMMENTS = YES;
				CLANG_WARN_EMPTY_BODY = YES;
				CLANG_WARN_ENUM_CONVERSION = YES;
				CLANG_WARN_INFINITE_RECURSION = YES;
				CLANG_WARN_INT_CONVERSION = YES;
				CLANG_WARN_NON_LITERAL_NULL_CONVERSION = YES;
				CLANG_WARN_OBJC_IMPLICIT_RETAIN_SELF = YES;
				CLANG_WARN_OBJC_LITERAL_CONVERSION = YES;
				CLANG_WARN_OBJC_ROOT_CLASS = YES_ERROR;
				CLANG_WARN_QUOTED_INCLUDE_IN_FRAMEWORK_HEADER = YES;
				CLANG_WARN_RANGE_LOOP_ANALYSIS = YES;
				CLANG_WARN_STRICT_PROTOTYPES = YES;
				CLANG_WARN_SUSPICIOUS_MOVE = YES;
				CLANG_WARN_UNGUARDED_AVAILABILITY = YES_AGGRESSIVE;
				CLANG_WARN_UNREACHABLE_CODE = YES;
				CLANG_WARN__DUPLICATE_METHOD_MATCH = YES;
				COPY_PHASE_STRIP = NO;
				DEBUG_INFORMATION_FORMAT = dwarf;
				ENABLE_STRICT_OBJC_MSGSEND = YES;
				ENABLE_TESTABILITY = YES;
				GCC_C_LANGUAGE_STANDARD = gnu11;
				GCC_DYNAMIC_NO_PIC = NO;
				GCC_NO_COMMON_BLOCKS = YES;
				GCC_OPTIMIZATION_LEVEL = 0;
				GCC_PREPROCESSOR_DEFINITIONS = (
					"DEBUG=1",
					"$(inherited)",
				);
				GCC_WARN_64_TO_32_BIT_CONVERSION = YES;
				GCC_WARN_ABOUT_RETURN_TYPE = YES_ERROR;
				GCC_WARN_UNDECLARED_SELECTOR = YES;
				GCC_WARN_UNINITIALIZED_AUTOS = YES_AGGRESSIVE;
				GCC_WARN_UNUSED_FUNCTION = YES;
				GCC_WARN_UNUSED_VARIABLE = YES;
				MACOSX_DEPLOYMENT_TARGET = 11.0;
				MTL_ENABLE_DEBUG_INFO = INCLUDE_SOURCE;
				MTL_FAST_MATH = YES;
				ONLY_ACTIVE_ARCH = YES;
				SDKROOT = macosx;
				SWIFT_ACTIVE_COMPILATION_CONDITIONS = DEBUG;
				SWIFT_OPTIMIZATION_LEVEL = "-Onone";
			};
			name = Debug;
		};
		770BFE3B25CAC36900D98990 /* Release */ = {
			isa = XCBuildConfiguration;
			buildSettings = {
				ALWAYS_SEARCH_USER_PATHS = NO;
				CLANG_ANALYZER_NONNULL = YES;
				CLANG_ANALYZER_NUMBER_OBJECT_CONVERSION = YES_AGGRESSIVE;
				CLANG_CXX_LANGUAGE_STANDARD = "gnu++14";
				CLANG_CXX_LIBRARY = "libc++";
				CLANG_ENABLE_MODULES = YES;
				CLANG_ENABLE_OBJC_ARC = YES;
				CLANG_ENABLE_OBJC_WEAK = YES;
				CLANG_WARN_BLOCK_CAPTURE_AUTORELEASING = YES;
				CLANG_WARN_BOOL_CONVERSION = YES;
				CLANG_WARN_COMMA = YES;
				CLANG_WARN_CONSTANT_CONVERSION = YES;
				CLANG_WARN_DEPRECATED_OBJC_IMPLEMENTATIONS = YES;
				CLANG_WARN_DIRECT_OBJC_ISA_USAGE = YES_ERROR;
				CLANG_WARN_DOCUMENTATION_COMMENTS = YES;
				CLANG_WARN_EMPTY_BODY = YES;
				CLANG_WARN_ENUM_CONVERSION = YES;
				CLANG_WARN_INFINITE_RECURSION = YES;
				CLANG_WARN_INT_CONVERSION = YES;
				CLANG_WARN_NON_LITERAL_NULL_CONVERSION = YES;
				CLANG_WARN_OBJC_IMPLICIT_RETAIN_SELF = YES;
				CLANG_WARN_OBJC_LITERAL_CONVERSION = YES;
				CLANG_WARN_OBJC_ROOT_CLASS = YES_ERROR;
				CLANG_WARN_QUOTED_INCLUDE_IN_FRAMEWORK_HEADER = YES;
				CLANG_WARN_RANGE_LOOP_ANALYSIS = YES;
				CLANG_WARN_STRICT_PROTOTYPES = YES;
				CLANG_WARN_SUSPICIOUS_MOVE = YES;
				CLANG_WARN_UNGUARDED_AVAILABILITY = YES_AGGRESSIVE;
				CLANG_WARN_UNREACHABLE_CODE = YES;
				CLANG_WARN__DUPLICATE_METHOD_MATCH = YES;
				COPY_PHASE_STRIP = NO;
				DEBUG_INFORMATION_FORMAT = "dwarf-with-dsym";
				ENABLE_NS_ASSERTIONS = NO;
				ENABLE_STRICT_OBJC_MSGSEND = YES;
				GCC_C_LANGUAGE_STANDARD = gnu11;
				GCC_NO_COMMON_BLOCKS = YES;
				GCC_WARN_64_TO_32_BIT_CONVERSION = YES;
				GCC_WARN_ABOUT_RETURN_TYPE = YES_ERROR;
				GCC_WARN_UNDECLARED_SELECTOR = YES;
				GCC_WARN_UNINITIALIZED_AUTOS = YES_AGGRESSIVE;
				GCC_WARN_UNUSED_FUNCTION = YES;
				GCC_WARN_UNUSED_VARIABLE = YES;
				MACOSX_DEPLOYMENT_TARGET = 11.0;
				MTL_ENABLE_DEBUG_INFO = NO;
				MTL_FAST_MATH = YES;
				SDKROOT = macosx;
				SWIFT_COMPILATION_MODE = wholemodule;
				SWIFT_OPTIMIZATION_LEVEL = "-O";
			};
			name = Release;
		};
		770BFE3D25CAC36900D98990 /* Debug */ = {
			isa = XCBuildConfiguration;
			buildSettings = {
				CODE_SIGN_STYLE = Automatic;
				DEVELOPMENT_TEAM = 7VKUQ8WZHV;
				ENABLE_HARDENED_RUNTIME = YES;
				PRODUCT_NAME = "$(TARGET_NAME)";
				SWIFT_VERSION = 5.0;
			};
			name = Debug;
		};
		770BFE3E25CAC36900D98990 /* Release */ = {
			isa = XCBuildConfiguration;
			buildSettings = {
				CODE_SIGN_STYLE = Automatic;
				DEVELOPMENT_TEAM = 7VKUQ8WZHV;
				ENABLE_HARDENED_RUNTIME = YES;
				PRODUCT_NAME = "$(TARGET_NAME)";
				SWIFT_VERSION = 5.0;
			};
			name = Release;
		};
/* End XCBuildConfiguration section */

/* Begin XCConfigurationList section */
		770BFE3025CAC36900D98990 /* Build configuration list for PBXProject "LibreOJ" */ = {
			isa = XCConfigurationList;
			buildConfigurations = (
				770BFE3A25CAC36900D98990 /* Debug */,
				770BFE3B25CAC36900D98990 /* Release */,
			);
			defaultConfigurationIsVisible = 0;
			defaultConfigurationName = Release;
		};
		770BFE3C25CAC36900D98990 /* Build configuration list for PBXNativeTarget "LibreOJ" */ = {
			isa = XCConfigurationList;
			buildConfigurations = (
				770BFE3D25CAC36900D98990 /* Debug */,
				770BFE3E25CAC36900D98990 /* Release */,
			);
			defaultConfigurationIsVisible = 0;
			defaultConfigurationName = Release;
		};
/* End XCConfigurationList section */
	};
	rootObject = 770BFE2D25CAC36900D98990 /* Project object */;
}
